{
  "dependencies": {
    "cloudinary": {
      "version": "1.5.0",
      "resolved": "https://registry.npmjs.org/cloudinary/-/cloudinary-1.5.0.tgz",
      "from": "cloudinary@1.5.0"
    },
    "lodash": {
      "version": "4.17.4",
      "resolved": "https://registry.npmjs.org/lodash/-/lodash-4.17.4.tgz",
      "from": "lodash@4.17.4"
    },
    "q": {
      "version": "1.4.1",
      "resolved": "https://registry.npmjs.org/q/-/q-1.4.1.tgz",
      "from": "q@1.4.1"
    }
  }
}
