{
  "lockfileVersion": 1,
  "dependencies": {
    "blueimp-canvas-to-blob": {
      "version": "3.5.0",
      "resolved": "https://registry.npmjs.org/blueimp-canvas-to-blob/-/blueimp-canvas-to-blob-3.5.0.tgz",
      "integrity": "sha1-VnmsMvaig1gh8MOtZhcZ/4WpI2s="
    },
    "blueimp-file-upload": {
      "version": "9.19.1",
      "resolved": "https://registry.npmjs.org/blueimp-file-upload/-/blueimp-file-upload-9.19.1.tgz",
      "integrity": "sha512-y4jA9LNjfS8vU+vf0ysosxmEQG+7xlSi6l0tWs2HSmIavsnJFp51bzajNzO6H7WFtyciKbBuolgXmQmdT3IUBQ=="
    },
    "blueimp-load-image": {
      "version": "2.12.2",
      "resolved": "https://registry.npmjs.org/blueimp-load-image/-/blueimp-load-image-2.12.2.tgz",
      "integrity": "sha1-ahdZiquFjU+/AVQ+BjEUG1EFfIc="
    },
    "blueimp-tmpl": {
      "version": "3.6.0",
      "resolved": "https://registry.npmjs.org/blueimp-tmpl/-/blueimp-tmpl-3.6.0.tgz",
      "integrity": "sha1-pJEJddBC4rwDunfw5i0E8VSKUkw="
    },
    "cloudinary": {
      "version": "1.10.0",
      "resolved": "https://registry.npmjs.org/cloudinary/-/cloudinary-1.10.0.tgz",
      "integrity": "sha512-+8GXHTNPKAcCKiSGYwdglIUYMjXxKoOgAVXPQMrDEHjSTVovCeqVnUtoXdF+v0RyAkAqK/sun0hJd5uw4o0plA=="
    },
    "cloudinary-jquery-file-upload": {
      "version": "2.3.0",
      "resolved": "https://registry.npmjs.org/cloudinary-jquery-file-upload/-/cloudinary-jquery-file-upload-2.3.0.tgz",
      "integrity": "sha1-CPUAerfRJ2kw49hjh5OsU0ZK4xk="
    },
    "lodash": {
      "version": "4.17.5",
      "resolved": "https://registry.npmjs.org/lodash/-/lodash-4.17.5.tgz",
      "integrity": "sha512-svL3uiZf1RwhH+cWrfZn3A4+U58wbP0tGVTLQPbjplZxZ8ROD9VLuNgsRniTlLe7OlSqR79RUehXgpBW/s0IQw=="
    },
    "q": {
      "version": "1.5.1",
      "resolved": "https://registry.npmjs.org/q/-/q-1.5.1.tgz",
      "integrity": "sha1-fjL3W0E4EpHQRhHxvxQQmsAGUdc="
    }
  }
}
