{
  "lockfileVersion": 1,
  "dependencies": {
    "blueimp-canvas-to-blob": {
      "version": "3.5.0",
      "resolved": "https://registry.npmjs.org/blueimp-canvas-to-blob/-/blueimp-canvas-to-blob-3.5.0.tgz",
      "integrity": "sha1-VnmsMvaig1gh8MOtZhcZ/4WpI2s="
    },
    "blueimp-file-upload": {
      "version": "9.28.0",
      "resolved": "https://registry.npmjs.org/blueimp-file-upload/-/blueimp-file-upload-9.28.0.tgz",
      "integrity": "sha512-Qvb5/CFlmIZ2cBoItpU2zQhUIvtZsSk9tV+X632uyrDpdpvdaJxDR9Wo8i7aUhfnbO1dbLuS5/auaA04Vk+XHw==",
      "dependencies": {
        "blueimp-load-image": {
          "version": "2.12.2",
          "resolved": "https://registry.npmjs.org/blueimp-load-image/-/blueimp-load-image-2.12.2.tgz",
          "integrity": "sha1-ahdZiquFjU+/AVQ+BjEUG1EFfIc="
        }
      }
    },
    "blueimp-load-image": {
      "version": "2.20.1",
      "resolved": "https://registry.npmjs.org/blueimp-load-image/-/blueimp-load-image-2.20.1.tgz",
      "integrity": "sha512-GacvACFcxv5MV+m24ylTte2ycWMeSZqdmChAM5kSBCJOyFSY8jkQgBpGM3Mn+l1p/seGtrnRss+8QL2k+FXO4A=="
    },
    "blueimp-tmpl": {
      "version": "3.6.0",
      "resolved": "https://registry.npmjs.org/blueimp-tmpl/-/blueimp-tmpl-3.6.0.tgz",
      "integrity": "sha1-pJEJddBC4rwDunfw5i0E8VSKUkw="
    },
    "cloudinary": {
      "version": "1.13.2",
      "resolved": "https://registry.npmjs.org/cloudinary/-/cloudinary-1.13.2.tgz",
      "integrity": "sha512-mZWxWxgln6Bkk5QA72BGb1mwRBFs+r94ZzdN37gROPL7FSOslhvFfEvF/Rz/ruPqR7mblMdzVz3wuLQi1oCalw=="
    },
    "cloudinary-jquery-file-upload": {
      "version": "2.6.2",
      "resolved": "https://registry.npmjs.org/cloudinary-jquery-file-upload/-/cloudinary-jquery-file-upload-2.6.2.tgz",
      "integrity": "sha512-87zgZ9u8Aos7+bNW8fEdfh96lgbMINU0TK3a4HcSWKzboyyiBj5TaStWf1n916HsgTCXoi+7V8Ey30J7I4Oz5A=="
    },
    "lodash": {
      "version": "4.17.11",
      "resolved": "https://registry.npmjs.org/lodash/-/lodash-4.17.11.tgz",
      "integrity": "sha512-cQKh8igo5QUhZ7lg38DYWAxMvjSAKG0A8wGSVimP07SIUEK2UO+arSRKbRZWtelMtN5V0Hkwh5ryOto/SshYIg=="
    },
    "q": {
      "version": "1.5.1",
      "resolved": "https://registry.npmjs.org/q/-/q-1.5.1.tgz",
      "integrity": "sha1-fjL3W0E4EpHQRhHxvxQQmsAGUdc="
    }
  }
}
